
Microsoft Visual Studio Solution File, Format Version 12.00
# Visual Studio Version 17
VisualStudioVersion = 17.14.36212.18
MinimumVisualStudioVersion = 10.0.40219.1
Project("{FAE04EC0-301F-11D3-BF4B-00C04F79EFBC}") = "GalleryShop.Model", "GalleryShop.Model\GalleryShop.Model.csproj", "{C6320E35-C9A1-E5ED-8E98-9CD7BF483339}"
EndProject
Project("{FAE04EC0-301F-11D3-BF4B-00C04F79EFBC}") = "GalleryShop.Data", "GalleryShop.Data\GalleryShop.Data.csproj", "{9B002102-E2C2-5489-3D86-54C27369C476}"
EndProject
Project("{FAE04EC0-301F-11D3-BF4B-00C04F79EFBC}") = "GalleryShop.Services", "GalleryShop.Services\GalleryShop.Services.csproj", "{4829192C-67F8-ED32-522F-E1C6FA170255}"
EndProject
Project("{FAE04EC0-301F-11D3-BF4B-00C04F79EFBC}") = "GalleryShop.Api", "GalleryShop.Api\GalleryShop.Api.csproj", "{FFE65278-FF7F-6302-8318-5263D93CA8D0}"
EndProject
Project("{FAE04EC0-301F-11D3-BF4B-00C04F79EFBC}") = "GalleryShop", "GalleryShop\GalleryShop.csproj", "{0F64A542-1CF9-F578-1C3F-E843585E5349}"
EndProject
Project("{FAE04EC0-301F-11D3-BF4B-00C04F79EFBC}") = "GalleryShop.Blazor-wasm", "GalleryShop.Blazor-wasm\GalleryShop.Blazor-wasm.csproj", "{0EC367F2-1BCB-7313-4448-82B1649ED433}"
EndProject
Global
	GlobalSection(SolutionConfigurationPlatforms) = preSolution
		Debug|Any CPU = Debug|Any CPU
		Release|Any CPU = Release|Any CPU
	EndGlobalSection
	GlobalSection(ProjectConfigurationPlatforms) = postSolution
		{C6320E35-C9A1-E5ED-8E98-9CD7BF483339}.Debug|Any CPU.ActiveCfg = Debug|Any CPU
		{C6320E35-C9A1-E5ED-8E98-9CD7BF483339}.Debug|Any CPU.Build.0 = Debug|Any CPU
		{C6320E35-C9A1-E5ED-8E98-9CD7BF483339}.Release|Any CPU.ActiveCfg = Release|Any CPU
		{C6320E35-C9A1-E5ED-8E98-9CD7BF483339}.Release|Any CPU.Build.0 = Release|Any CPU
		{9B002102-E2C2-5489-3D86-54C27369C476}.Debug|Any CPU.ActiveCfg = Debug|Any CPU
		{9B002102-E2C2-5489-3D86-54C27369C476}.Debug|Any CPU.Build.0 = Debug|Any CPU
		{9B002102-E2C2-5489-3D86-54C27369C476}.Release|Any CPU.ActiveCfg = Release|Any CPU
		{9B002102-E2C2-5489-3D86-54C27369C476}.Release|Any CPU.Build.0 = Release|Any CPU
		{4829192C-67F8-ED32-522F-E1C6FA170255}.Debug|Any CPU.ActiveCfg = Debug|Any CPU
		{4829192C-67F8-ED32-522F-E1C6FA170255}.Debug|Any CPU.Build.0 = Debug|Any CPU
		{4829192C-67F8-ED32-522F-E1C6FA170255}.Release|Any CPU.ActiveCfg = Release|Any CPU
		{4829192C-67F8-ED32-522F-E1C6FA170255}.Release|Any CPU.Build.0 = Release|Any CPU
		{FFE65278-FF7F-6302-8318-5263D93CA8D0}.Debug|Any CPU.ActiveCfg = Debug|Any CPU
		{FFE65278-FF7F-6302-8318-5263D93CA8D0}.Debug|Any CPU.Build.0 = Debug|Any CPU
		{FFE65278-FF7F-6302-8318-5263D93CA8D0}.Release|Any CPU.ActiveCfg = Release|Any CPU
		{FFE65278-FF7F-6302-8318-5263D93CA8D0}.Release|Any CPU.Build.0 = Release|Any CPU
		{0F64A542-1CF9-F578-1C3F-E843585E5349}.Debug|Any CPU.ActiveCfg = Debug|Any CPU
		{0F64A542-1CF9-F578-1C3F-E843585E5349}.Debug|Any CPU.Build.0 = Debug|Any CPU
		{0F64A542-1CF9-F578-1C3F-E843585E5349}.Release|Any CPU.ActiveCfg = Release|Any CPU
		{0F64A542-1CF9-F578-1C3F-E843585E5349}.Release|Any CPU.Build.0 = Release|Any CPU
		{0EC367F2-1BCB-7313-4448-82B1649ED433}.Debug|Any CPU.ActiveCfg = Debug|Any CPU
		{0EC367F2-1BCB-7313-4448-82B1649ED433}.Debug|Any CPU.Build.0 = Debug|Any CPU
		{0EC367F2-1BCB-7313-4448-82B1649ED433}.Release|Any CPU.ActiveCfg = Release|Any CPU
		{0EC367F2-1BCB-7313-4448-82B1649ED433}.Release|Any CPU.Build.0 = Release|Any CPU
	EndGlobalSection
	GlobalSection(SolutionProperties) = preSolution
		HideSolutionNode = FALSE
	EndGlobalSection
	GlobalSection(ExtensibilityGlobals) = postSolution
		SolutionGuid = {A17C0398-3999-47E5-8952-F3D505F6EAFC}
	EndGlobalSection
EndGlobal
